
Microsoft Visual Studio Solution File, Format Version 12.00
# Visual Studio Version 16
VisualStudioVersion = 16.0.30523.141
MinimumVisualStudioVersion = 10.0.40219.1
Project("{9A19103F-16F7-4668-BE54-9A1E7A4F7556}") = "AddFactoryExtension", "AddFactoryExtension\AddFactoryExtension.csproj", "{45CDA247-08B6-4878-8985-E137173928C7}"
EndProject
Project("{9A19103F-16F7-4668-BE54-9A1E7A4F7556}") = "AddFactoryExtension.Tests", "AddFactoryExtension.Tests\AddFactoryExtension.Tests.csproj", "{46A791A2-E002-41B5-A084-BCF8A844164B}"
EndProject
Project("{2150E333-8FDC-42A3-9474-1A3956D46DE8}") = "Files", "Files", "{F14A913C-29A9-40B4-BDA9-BBCD92A0AEFE}"
	ProjectSection(SolutionItems) = preProject
		LICENSE = LICENSE
		README.md = README.md
	EndProjectSection
EndProject
Global
	GlobalSection(SolutionConfigurationPlatforms) = preSolution
		Debug|Any CPU = Debug|Any CPU
		Release|Any CPU = Release|Any CPU
	EndGlobalSection
	GlobalSection(ProjectConfigurationPlatforms) = postSolution
		{45CDA247-08B6-4878-8985-E137173928C7}.Debug|Any CPU.ActiveCfg = Debug|Any CPU
		{45CDA247-08B6-4878-8985-E137173928C7}.Debug|Any CPU.Build.0 = Debug|Any CPU
		{45CDA247-08B6-4878-8985-E137173928C7}.Release|Any CPU.ActiveCfg = Release|Any CPU
		{45CDA247-08B6-4878-8985-E137173928C7}.Release|Any CPU.Build.0 = Release|Any CPU
		{46A791A2-E002-41B5-A084-BCF8A844164B}.Debug|Any CPU.ActiveCfg = Debug|Any CPU
		{46A791A2-E002-41B5-A084-BCF8A844164B}.Debug|Any CPU.Build.0 = Debug|Any CPU
		{46A791A2-E002-41B5-A084-BCF8A844164B}.Release|Any CPU.ActiveCfg = Release|Any CPU
		{46A791A2-E002-41B5-A084-BCF8A844164B}.Release|Any CPU.Build.0 = Release|Any CPU
	EndGlobalSection
	GlobalSection(SolutionProperties) = preSolution
		HideSolutionNode = FALSE
	EndGlobalSection
	GlobalSection(ExtensibilityGlobals) = postSolution
		SolutionGuid = {CC0E76EB-BB25-472C-BBA8-D1C9C9E4366D}
	EndGlobalSection
EndGlobal
